
Microsoft Visual Studio Solution File, Format Version 12.00
# Visual Studio Version 16
VisualStudioVersion = 16.0.31424.327
MinimumVisualStudioVersion = 10.0.40219.1
Project("{9A19103F-16F7-4668-BE54-9A1E7A4F7556}") = "catalogo_de_jogos_dotnet_core", "catalogo_de_jogos_dotnet_core.csproj", "{A5AB68BA-BC7D-485D-9EF2-D2F62321C470}"
EndProject
Global
	GlobalSection(SolutionConfigurationPlatforms) = preSolution
		Debug|Any CPU = Debug|Any CPU
		Release|Any CPU = Release|Any CPU
	EndGlobalSection
	GlobalSection(ProjectConfigurationPlatforms) = postSolution
		{A5AB68BA-BC7D-485D-9EF2-D2F62321C470}.Debug|Any CPU.ActiveCfg = Debug|Any CPU
		{A5AB68BA-BC7D-485D-9EF2-D2F62321C470}.Debug|Any CPU.Build.0 = Debug|Any CPU
		{A5AB68BA-BC7D-485D-9EF2-D2F62321C470}.Release|Any CPU.ActiveCfg = Release|Any CPU
		{A5AB68BA-BC7D-485D-9EF2-D2F62321C470}.Release|Any CPU.Build.0 = Release|Any CPU
	EndGlobalSection
	GlobalSection(SolutionProperties) = preSolution
		HideSolutionNode = FALSE
	EndGlobalSection
	GlobalSection(ExtensibilityGlobals) = postSolution
		SolutionGuid = {5C943572-6289-4D41-8539-1921BE760C39}
	EndGlobalSection
EndGlobal
